
Microsoft Visual Studio Solution File, Format Version 12.00
# Visual Studio Version 17
VisualStudioVersion = 17.14.36429.23
MinimumVisualStudioVersion = 10.0.40219.1
Project("{FAE04EC0-301F-11D3-BF4B-00C04F79EFBC}") = "BankIIS.API", "BankIIS.API\BankIIS.API.csproj", "{927F86C8-30D7-4A72-8361-30399CBA6DC0}"
EndProject
Project("{FAE04EC0-301F-11D3-BF4B-00C04F79EFBC}") = "BankIIS.TEST", "BankIIS.TEST\BankIIS.TEST.csproj", "{A2EA59CC-27B5-4FC4-BAD4-B503ACCB6947}"
EndProject
Global
	GlobalSection(SolutionConfigurationPlatforms) = preSolution
		Debug|Any CPU = Debug|Any CPU
		Release|Any CPU = Release|Any CPU
	EndGlobalSection
	GlobalSection(ProjectConfigurationPlatforms) = postSolution
		{927F86C8-30D7-4A72-8361-30399CBA6DC0}.Debug|Any CPU.ActiveCfg = Debug|Any CPU
		{927F86C8-30D7-4A72-8361-30399CBA6DC0}.Debug|Any CPU.Build.0 = Debug|Any CPU
		{927F86C8-30D7-4A72-8361-30399CBA6DC0}.Release|Any CPU.ActiveCfg = Release|Any CPU
		{927F86C8-30D7-4A72-8361-30399CBA6DC0}.Release|Any CPU.Build.0 = Release|Any CPU
		{A2EA59CC-27B5-4FC4-BAD4-B503ACCB6947}.Debug|Any CPU.ActiveCfg = Debug|Any CPU
		{A2EA59CC-27B5-4FC4-BAD4-B503ACCB6947}.Debug|Any CPU.Build.0 = Debug|Any CPU
		{A2EA59CC-27B5-4FC4-BAD4-B503ACCB6947}.Release|Any CPU.ActiveCfg = Release|Any CPU
		{A2EA59CC-27B5-4FC4-BAD4-B503ACCB6947}.Release|Any CPU.Build.0 = Release|Any CPU
	EndGlobalSection
	GlobalSection(SolutionProperties) = preSolution
		HideSolutionNode = FALSE
	EndGlobalSection
	GlobalSection(ExtensibilityGlobals) = postSolution
		SolutionGuid = {594FAA94-67DB-48B0-9BA4-609A895C9C39}
	EndGlobalSection
EndGlobal
